// !$*UTF8*$!
{
	archiveVersion = 1;
	classes = {
	};
	objectVersion = 50;
	objects = {

/* Begin PBXBuildFile section */
		588404E326A761BD00E027E0 /* AppDelegate.swift in Sources */ = {isa = PBXBuildFile; fileRef = 588404E226A761BD00E027E0 /* AppDelegate.swift */; };
		588404E526A761BD00E027E0 /* SceneDelegate.swift in Sources */ = {isa = PBXBuildFile; fileRef = 588404E426A761BD00E027E0 /* SceneDelegate.swift */; };
		588404EA26A761BD00E027E0 /* Main.storyboard in Resources */ = {isa = PBXBuildFile; fileRef = 588404E826A761BD00E027E0 /* Main.storyboard */; };
		588404ED26A761BD00E027E0 /* LuLuLemon.xcdatamodeld in Sources */ = {isa = PBXBuildFile; fileRef = 588404EB26A761BD00E027E0 /* LuLuLemon.xcdatamodeld */; };
		588404EF26A761BF00E027E0 /* Assets.xcassets in Resources */ = {isa = PBXBuildFile; fileRef = 588404EE26A761BF00E027E0 /* Assets.xcassets */; };
		588404F226A761BF00E027E0 /* LaunchScreen.storyboard in Resources */ = {isa = PBXBuildFile; fileRef = 588404F026A761BF00E027E0 /* LaunchScreen.storyboard */; };
		588404FD26A761BF00E027E0 /* LuLuLemonTests.swift in Sources */ = {isa = PBXBuildFile; fileRef = 588404FC26A761BF00E027E0 /* LuLuLemonTests.swift */; };
		5884050826A761BF00E027E0 /* LuLuLemonUITests.swift in Sources */ = {isa = PBXBuildFile; fileRef = 5884050726A761BF00E027E0 /* LuLuLemonUITests.swift */; };
		5884051926A7A98400E027E0 /* ShowGarmentViewController.swift in Sources */ = {isa = PBXBuildFile; fileRef = 5884051826A7A98400E027E0 /* ShowGarmentViewController.swift */; };
		5884051B26A7A99800E027E0 /* SaveGarmentViewController.swift in Sources */ = {isa = PBXBuildFile; fileRef = 5884051A26A7A99800E027E0 /* SaveGarmentViewController.swift */; };
		5884051E26A7AFF300E027E0 /* GarmentViewModel.swift in Sources */ = {isa = PBXBuildFile; fileRef = 5884051D26A7AFF300E027E0 /* GarmentViewModel.swift */; };
		5884052426A836D500E027E0 /* Constants.swift in Sources */ = {isa = PBXBuildFile; fileRef = 5884052326A836D500E027E0 /* Constants.swift */; };
		5884052626A83C2100E027E0 /* MockGarmentData.swift in Sources */ = {isa = PBXBuildFile; fileRef = 5884052526A83C2100E027E0 /* MockGarmentData.swift */; };
/* End PBXBuildFile section */

/* Begin PBXContainerItemProxy section */
		588404F926A761BF00E027E0 /* PBXContainerItemProxy */ = {
			isa = PBXContainerItemProxy;
			containerPortal = 588404D726A761BD00E027E0 /* Project object */;
			proxyType = 1;
			remoteGlobalIDString = 588404DE26A761BD00E027E0;
			remoteInfo = LuLuLemon;
		};
		5884050426A761BF00E027E0 /* PBXContainerItemProxy */ = {
			isa = PBXContainerItemProxy;
			containerPortal = 588404D726A761BD00E027E0 /* Project object */;
			proxyType = 1;
			remoteGlobalIDString = 588404DE26A761BD00E027E0;
			remoteInfo = LuLuLemon;
		};
/* End PBXContainerItemProxy section */

/* Begin PBXFileReference section */
		588404DF26A761BD00E027E0 /* LuLuLemon.app */ = {isa = PBXFileReference; explicitFileType = wrapper.application; includeInIndex = 0; path = LuLuLemon.app; sourceTree = BUILT_PRODUCTS_DIR; };
		588404E226A761BD00E027E0 /* AppDelegate.swift */ = {isa = PBXFileReference; lastKnownFileType = sourcecode.swift; path = AppDelegate.swift; sourceTree = "<group>"; };
		588404E426A761BD00E027E0 /* SceneDelegate.swift */ = {isa = PBXFileReference; lastKnownFileType = sourcecode.swift; path = SceneDelegate.swift; sourceTree = "<group>"; };
		588404E926A761BD00E027E0 /* Base */ = {isa = PBXFileReference; lastKnownFileType = file.storyboard; name = Base; path = Base.lproj/Main.storyboard; sourceTree = "<group>"; };
		588404EC26A761BD00E027E0 /* LuLuLemon.xcdatamodel */ = {isa = PBXFileReference; lastKnownFileType = wrapper.xcdatamodel; path = LuLuLemon.xcdatamodel; sourceTree = "<group>"; };
		588404EE26A761BF00E027E0 /* Assets.xcassets */ = {isa = PBXFileReference; lastKnownFileType = folder.assetcatalog; path = Assets.xcassets; sourceTree = "<group>"; };
		588404F126A761BF00E027E0 /* Base */ = {isa = PBXFileReference; lastKnownFileType = file.storyboard; name = Base; path = Base.lproj/LaunchScreen.storyboard; sourceTree = "<group>"; };
		588404F326A761BF00E027E0 /* Info.plist */ = {isa = PBXFileReference; lastKnownFileType = text.plist.xml; path = Info.plist; sourceTree = "<group>"; };
		588404F826A761BF00E027E0 /* LuLuLemonTests.xctest */ = {isa = PBXFileReference; explicitFileType = wrapper.cfbundle; includeInIndex = 0; path = LuLuLemonTests.xctest; sourceTree = BUILT_PRODUCTS_DIR; };
		588404FC26A761BF00E027E0 /* LuLuLemonTests.swift */ = {isa = PBXFileReference; lastKnownFileType = sourcecode.swift; path = LuLuLemonTests.swift; sourceTree = "<group>"; };
		588404FE26A761BF00E027E0 /* Info.plist */ = {isa = PBXFileReference; lastKnownFileType = text.plist.xml; path = Info.plist; sourceTree = "<group>"; };
		5884050326A761BF00E027E0 /* LuLuLemonUITests.xctest */ = {isa = PBXFileReference; explicitFileType = wrapper.cfbundle; includeInIndex = 0; path = LuLuLemonUITests.xctest; sourceTree = BUILT_PRODUCTS_DIR; };
		5884050726A761BF00E027E0 /* LuLuLemonUITests.swift */ = {isa = PBXFileReference; lastKnownFileType = sourcecode.swift; path = LuLuLemonUITests.swift; sourceTree = "<group>"; };
		5884050926A761BF00E027E0 /* Info.plist */ = {isa = PBXFileReference; lastKnownFileType = text.plist.xml; path = Info.plist; sourceTree = "<group>"; };
		5884051826A7A98400E027E0 /* ShowGarmentViewController.swift */ = {isa = PBXFileReference; lastKnownFileType = sourcecode.swift; path = ShowGarmentViewController.swift; sourceTree = "<group>"; };
		5884051A26A7A99800E027E0 /* SaveGarmentViewController.swift */ = {isa = PBXFileReference; lastKnownFileType = sourcecode.swift; path = SaveGarmentViewController.swift; sourceTree = "<group>"; };
		5884051D26A7AFF300E027E0 /* GarmentViewModel.swift */ = {isa = PBXFileReference; lastKnownFileType = sourcecode.swift; path = GarmentViewModel.swift; sourceTree = "<group>"; };
		5884052326A836D500E027E0 /* Constants.swift */ = {isa = PBXFileReference; lastKnownFileType = sourcecode.swift; path = Constants.swift; sourceTree = "<group>"; };
		5884052526A83C2100E027E0 /* MockGarmentData.swift */ = {isa = PBXFileReference; lastKnownFileType = sourcecode.swift; path = MockGarmentData.swift; sourceTree = "<group>"; };
/* End PBXFileReference section */

/* Begin PBXFrameworksBuildPhase section */
		588404DC26A761BD00E027E0 /* Frameworks */ = {
			isa = PBXFrameworksBuildPhase;
			buildActionMask = 2147483647;
			files = (
			);
			runOnlyForDeploymentPostprocessing = 0;
		};
		588404F526A761BF00E027E0 /* Frameworks */ = {
			isa = PBXFrameworksBuildPhase;
			buildActionMask = 2147483647;
			files = (
			);
			runOnlyForDeploymentPostprocessing = 0;
		};
		5884050026A761BF00E027E0 /* Frameworks */ = {
			isa = PBXFrameworksBuildPhase;
			buildActionMask = 2147483647;
			files = (
			);
			runOnlyForDeploymentPostprocessing = 0;
		};
/* End PBXFrameworksBuildPhase section */

/* Begin PBXGroup section */
		588404D626A761BD00E027E0 = {
			isa = PBXGroup;
			children = (
				588404E126A761BD00E027E0 /* LuLuLemon */,
				588404FB26A761BF00E027E0 /* LuLuLemonTests */,
				5884050626A761BF00E027E0 /* LuLuLemonUITests */,
				588404E026A761BD00E027E0 /* Products */,
			);
			sourceTree = "<group>";
		};
		588404E026A761BD00E027E0 /* Products */ = {
			isa = PBXGroup;
			children = (
				588404DF26A761BD00E027E0 /* LuLuLemon.app */,
				588404F826A761BF00E027E0 /* LuLuLemonTests.xctest */,
				5884050326A761BF00E027E0 /* LuLuLemonUITests.xctest */,
			);
			name = Products;
			sourceTree = "<group>";
		};
		588404E126A761BD00E027E0 /* LuLuLemon */ = {
			isa = PBXGroup;
			children = (
				588404E226A761BD00E027E0 /* AppDelegate.swift */,
				588404E426A761BD00E027E0 /* SceneDelegate.swift */,
				5884051726A7625000E027E0 /* Model */,
				5884051526A7622B00E027E0 /* View */,
				5884051C26A7AFB000E027E0 /* ViewModel */,
				588404EE26A761BF00E027E0 /* Assets.xcassets */,
				588404F026A761BF00E027E0 /* LaunchScreen.storyboard */,
				588404F326A761BF00E027E0 /* Info.plist */,
				5884052326A836D500E027E0 /* Constants.swift */,
			);
			path = LuLuLemon;
			sourceTree = "<group>";
		};
		588404FB26A761BF00E027E0 /* LuLuLemonTests */ = {
			isa = PBXGroup;
			children = (
				588404FC26A761BF00E027E0 /* LuLuLemonTests.swift */,
				588404FE26A761BF00E027E0 /* Info.plist */,
				5884052526A83C2100E027E0 /* MockGarmentData.swift */,
			);
			path = LuLuLemonTests;
			sourceTree = "<group>";
		};
		5884050626A761BF00E027E0 /* LuLuLemonUITests */ = {
			isa = PBXGroup;
			children = (
				5884050726A761BF00E027E0 /* LuLuLemonUITests.swift */,
				5884050926A761BF00E027E0 /* Info.plist */,
			);
			path = LuLuLemonUITests;
			sourceTree = "<group>";
		};
		5884051526A7622B00E027E0 /* View */ = {
			isa = PBXGroup;
			children = (
				588404E826A761BD00E027E0 /* Main.storyboard */,
				5884051626A7624000E027E0 /* Controller */,
			);
			path = View;
			sourceTree = "<group>";
		};
		5884051626A7624000E027E0 /* Controller */ = {
			isa = PBXGroup;
			children = (
				5884051826A7A98400E027E0 /* ShowGarmentViewController.swift */,
				5884051A26A7A99800E027E0 /* SaveGarmentViewController.swift */,
			);
			path = Controller;
			sourceTree = "<group>";
		};
		5884051726A7625000E027E0 /* Model */ = {
			isa = PBXGroup;
			children = (
				588404EB26A761BD00E027E0 /* LuLuLemon.xcdatamodeld */,
			);
			path = Model;
			sourceTree = "<group>";
		};
		5884051C26A7AFB000E027E0 /* ViewModel */ = {
			isa = PBXGroup;
			children = (
				5884051D26A7AFF300E027E0 /* GarmentViewModel.swift */,
			);
			path = ViewModel;
			sourceTree = "<group>";
		};
/* End PBXGroup section */

/* Begin PBXNativeTarget section */
		588404DE26A761BD00E027E0 /* LuLuLemon */ = {
			isa = PBXNativeTarget;
			buildConfigurationList = 5884050C26A761BF00E027E0 /* Build configuration list for PBXNativeTarget "LuLuLemon" */;
			buildPhases = (
				588404DB26A761BD00E027E0 /* Sources */,
				588404DC26A761BD00E027E0 /* Frameworks */,
				588404DD26A761BD00E027E0 /* Resources */,
			);
			buildRules = (
			);
			dependencies = (
			);
			name = LuLuLemon;
			productName = LuLuLemon;
			productReference = 588404DF26A761BD00E027E0 /* LuLuLemon.app */;
			productType = "com.apple.product-type.application";
		};
		588404F726A761BF00E027E0 /* LuLuLemonTests */ = {
			isa = PBXNativeTarget;
			buildConfigurationList = 5884050F26A761BF00E027E0 /* Build configuration list for PBXNativeTarget "LuLuLemonTests" */;
			buildPhases = (
				588404F426A761BF00E027E0 /* Sources */,
				588404F526A761BF00E027E0 /* Frameworks */,
				588404F626A761BF00E027E0 /* Resources */,
			);
			buildRules = (
			);
			dependencies = (
				588404FA26A761BF00E027E0 /* PBXTargetDependency */,
			);
			name = LuLuLemonTests;
			productName = LuLuLemonTests;
			productReference = 588404F826A761BF00E027E0 /* LuLuLemonTests.xctest */;
			productType = "com.apple.product-type.bundle.unit-test";
		};
		5884050226A761BF00E027E0 /* LuLuLemonUITests */ = {
			isa = PBXNativeTarget;
			buildConfigurationList = 5884051226A761BF00E027E0 /* Build configuration list for PBXNativeTarget "LuLuLemonUITests" */;
			buildPhases = (
				588404FF26A761BF00E027E0 /* Sources */,
				5884050026A761BF00E027E0 /* Frameworks */,
				5884050126A761BF00E027E0 /* Resources */,
			);
			buildRules = (
			);
			dependencies = (
				5884050526A761BF00E027E0 /* PBXTargetDependency */,
			);
			name = LuLuLemonUITests;
			productName = LuLuLemonUITests;
			productReference = 5884050326A761BF00E027E0 /* LuLuLemonUITests.xctest */;
			productType = "com.apple.product-type.bundle.ui-testing";
		};
/* End PBXNativeTarget section */

/* Begin PBXProject section */
		588404D726A761BD00E027E0 /* Project object */ = {
			isa = PBXProject;
			attributes = {
				LastSwiftUpdateCheck = 1250;
				LastUpgradeCheck = 1250;
				TargetAttributes = {
					588404DE26A761BD00E027E0 = {
						CreatedOnToolsVersion = 12.5.1;
					};
					588404F726A761BF00E027E0 = {
						CreatedOnToolsVersion = 12.5.1;
						TestTargetID = 588404DE26A761BD00E027E0;
					};
					5884050226A761BF00E027E0 = {
						CreatedOnToolsVersion = 12.5.1;
						TestTargetID = 588404DE26A761BD00E027E0;
					};
				};
			};
			buildConfigurationList = 588404DA26A761BD00E027E0 /* Build configuration list for PBXProject "LuLuLemon" */;
			compatibilityVersion = "Xcode 9.3";
			developmentRegion = en;
			hasScannedForEncodings = 0;
			knownRegions = (
				en,
				Base,
			);
			mainGroup = 588404D626A761BD00E027E0;
			productRefGroup = 588404E026A761BD00E027E0 /* Products */;
			projectDirPath = "";
			projectRoot = "";
			targets = (
				588404DE26A761BD00E027E0 /* LuLuLemon */,
				588404F726A761BF00E027E0 /* LuLuLemonTests */,
				5884050226A761BF00E027E0 /* LuLuLemonUITests */,
			);
		};
/* End PBXProject section */

/* Begin PBXResourcesBuildPhase section */
		588404DD26A761BD00E027E0 /* Resources */ = {
			isa = PBXResourcesBuildPhase;
			buildActionMask = 2147483647;
			files = (
				588404F226A761BF00E027E0 /* LaunchScreen.storyboard in Resources */,
				588404EF26A761BF00E027E0 /* Assets.xcassets in Resources */,
				588404EA26A761BD00E027E0 /* Main.storyboard in Resources */,
			);
			runOnlyForDeploymentPostprocessing = 0;
		};
		588404F626A761BF00E027E0 /* Resources */ = {
			isa = PBXResourcesBuildPhase;
			buildActionMask = 2147483647;
			files = (
			);
			runOnlyForDeploymentPostprocessing = 0;
		};
		5884050126A761BF00E027E0 /* Resources */ = {
			isa = PBXResourcesBuildPhase;
			buildActionMask = 2147483647;
			files = (
			);
			runOnlyForDeploymentPostprocessing = 0;
		};
/* End PBXResourcesBuildPhase section */

/* Begin PBXSourcesBuildPhase section */
		588404DB26A761BD00E027E0 /* Sources */ = {
			isa = PBXSourcesBuildPhase;
			buildActionMask = 2147483647;
			files = (
				5884051B26A7A99800E027E0 /* SaveGarmentViewController.swift in Sources */,
				5884051E26A7AFF300E027E0 /* GarmentViewModel.swift in Sources */,
				588404E326A761BD00E027E0 /* AppDelegate.swift in Sources */,
				5884051926A7A98400E027E0 /* ShowGarmentViewController.swift in Sources */,
				5884052426A836D500E027E0 /* Constants.swift in Sources */,
				588404E526A761BD00E027E0 /* SceneDelegate.swift in Sources */,
				588404ED26A761BD00E027E0 /* LuLuLemon.xcdatamodeld in Sources */,
			);
			runOnlyForDeploymentPostprocessing = 0;
		};
		588404F426A761BF00E027E0 /* Sources */ = {
			isa = PBXSourcesBuildPhase;
			buildActionMask = 2147483647;
			files = (
				5884052626A83C2100E027E0 /* MockGarmentData.swift in Sources */,
				588404FD26A761BF00E027E0 /* LuLuLemonTests.swift in Sources */,
			);
			runOnlyForDeploymentPostprocessing = 0;
		};
		588404FF26A761BF00E027E0 /* Sources */ = {
			isa = PBXSourcesBuildPhase;
			buildActionMask = 2147483647;
			files = (
				5884050826A761BF00E027E0 /* LuLuLemonUITests.swift in Sources */,
			);
			runOnlyForDeploymentPostprocessing = 0;
		};
/* End PBXSourcesBuildPhase section */

/* Begin PBXTargetDependency section */
		588404FA26A761BF00E027E0 /* PBXTargetDependency */ = {
			isa = PBXTargetDependency;
			target = 588404DE26A761BD00E027E0 /* LuLuLemon */;
			targetProxy = 588404F926A761BF00E027E0 /* PBXContainerItemProxy */;
		};
		5884050526A761BF00E027E0 /* PBXTargetDependency */ = {
			isa = PBXTargetDependency;
			target = 588404DE26A761BD00E027E0 /* LuLuLemon */;
			targetProxy = 5884050426A761BF00E027E0 /* PBXContainerItemProxy */;
		};
/* End PBXTargetDependency section */

/* Begin PBXVariantGroup section */
		588404E826A761BD00E027E0 /* Main.storyboard */ = {
			isa = PBXVariantGroup;
			children = (
				588404E926A761BD00E027E0 /* Base */,
			);
			name = Main.storyboard;
			sourceTree = "<group>";
		};
		588404F026A761BF00E027E0 /* LaunchScreen.storyboard */ = {
			isa = PBXVariantGroup;
			children = (
				588404F126A761BF00E027E0 /* Base */,
			);
			name = LaunchScreen.storyboard;
			sourceTree = "<group>";
		};
/* End PBXVariantGroup section */

/* Begin XCBuildConfiguration section */
		5884050A26A761BF00E027E0 /* Debug */ = {
			isa = XCBuildConfiguration;
			buildSettings = {
				ALWAYS_SEARCH_USER_PATHS = NO;
				CLANG_ANALYZER_NONNULL = YES;
				CLANG_ANALYZER_NUMBER_OBJECT_CONVERSION = YES_AGGRESSIVE;
				CLANG_CXX_LANGUAGE_STANDARD = "gnu++14";
				CLANG_CXX_LIBRARY = "libc++";
				CLANG_ENABLE_MODULES = YES;
				CLANG_ENABLE_OBJC_ARC = YES;
				CLANG_ENABLE_OBJC_WEAK = YES;
				CLANG_WARN_BLOCK_CAPTURE_AUTORELEASING = YES;
				CLANG_WARN_BOOL_CONVERSION = YES;
				CLANG_WARN_COMMA = YES;
				CLANG_WARN_CONSTANT_CONVERSION = YES;
				CLANG_WARN_DEPRECATED_OBJC_IMPLEMENTATIONS = YES;
				CLANG_WARN_DIRECT_OBJC_ISA_USAGE = YES_ERROR;
				CLANG_WARN_DOCUMENTATION_COMMENTS = YES;
				CLANG_WARN_EMPTY_BODY = YES;
				CLANG_WARN_ENUM_CONVERSION = YES;
				CLANG_WARN_INFINITE_RECURSION = YES;
				CLANG_WARN_INT_CONVERSION = YES;
				CLANG_WARN_NON_LITERAL_NULL_CONVERSION = YES;
				CLANG_WARN_OBJC_IMPLICIT_RETAIN_SELF = YES;
				CLANG_WARN_OBJC_LITERAL_CONVERSION = YES;
				CLANG_WARN_OBJC_ROOT_CLASS = YES_ERROR;
				CLANG_WARN_QUOTED_INCLUDE_IN_FRAMEWORK_HEADER = YES;
				CLANG_WARN_RANGE_LOOP_ANALYSIS = YES;
				CLANG_WARN_STRICT_PROTOTYPES = YES;
				CLANG_WARN_SUSPICIOUS_MOVE = YES;
				CLANG_WARN_UNGUARDED_AVAILABILITY = YES_AGGRESSIVE;
				CLANG_WARN_UNREACHABLE_CODE = YES;
				CLANG_WARN__DUPLICATE_METHOD_MATCH = YES;
				COPY_PHASE_STRIP = NO;
				DEBUG_INFORMATION_FORMAT = dwarf;
				ENABLE_STRICT_OBJC_MSGSEND = YES;
				ENABLE_TESTABILITY = YES;
				GCC_C_LANGUAGE_STANDARD = gnu11;
				GCC_DYNAMIC_NO_PIC = NO;
				GCC_NO_COMMON_BLOCKS = YES;
				GCC_OPTIMIZATION_LEVEL = 0;
				GCC_PREPROCESSOR_DEFINITIONS = (
					"DEBUG=1",
					"$(inherited)",
				);
				GCC_WARN_64_TO_32_BIT_CONVERSION = YES;
				GCC_WARN_ABOUT_RETURN_TYPE = YES_ERROR;
				GCC_WARN_UNDECLARED_SELECTOR = YES;
				GCC_WARN_UNINITIALIZED_AUTOS = YES_AGGRESSIVE;
				GCC_WARN_UNUSED_FUNCTION = YES;
				GCC_WARN_UNUSED_VARIABLE = YES;
				IPHONEOS_DEPLOYMENT_TARGET = 14.5;
				MTL_ENABLE_DEBUG_INFO = INCLUDE_SOURCE;
				MTL_FAST_MATH = YES;
				ONLY_ACTIVE_ARCH = YES;
				SDKROOT = iphoneos;
				SWIFT_ACTIVE_COMPILATION_CONDITIONS = DEBUG;
				SWIFT_OPTIMIZATION_LEVEL = "-Onone";
			};
			name = Debug;
		};
		5884050B26A761BF00E027E0 /* Release */ = {
			isa = XCBuildConfiguration;
			buildSettings = {
				ALWAYS_SEARCH_USER_PATHS = NO;
				CLANG_ANALYZER_NONNULL = YES;
				CLANG_ANALYZER_NUMBER_OBJECT_CONVERSION = YES_AGGRESSIVE;
				CLANG_CXX_LANGUAGE_STANDARD = "gnu++14";
				CLANG_CXX_LIBRARY = "libc++";
				CLANG_ENABLE_MODULES = YES;
				CLANG_ENABLE_OBJC_ARC = YES;
				CLANG_ENABLE_OBJC_WEAK = YES;
				CLANG_WARN_BLOCK_CAPTURE_AUTORELEASING = YES;
				CLANG_WARN_BOOL_CONVERSION = YES;
				CLANG_WARN_COMMA = YES;
				CLANG_WARN_CONSTANT_CONVERSION = YES;
				CLANG_WARN_DEPRECATED_OBJC_IMPLEMENTATIONS = YES;
				CLANG_WARN_DIRECT_OBJC_ISA_USAGE = YES_ERROR;
				CLANG_WARN_DOCUMENTATION_COMMENTS = YES;
				CLANG_WARN_EMPTY_BODY = YES;
				CLANG_WARN_ENUM_CONVERSION = YES;
				CLANG_WARN_INFINITE_RECURSION = YES;
				CLANG_WARN_INT_CONVERSION = YES;
				CLANG_WARN_NON_LITERAL_NULL_CONVERSION = YES;
				CLANG_WARN_OBJC_IMPLICIT_RETAIN_SELF = YES;
				CLANG_WARN_OBJC_LITERAL_CONVERSION = YES;
				CLANG_WARN_OBJC_ROOT_CLASS = YES_ERROR;
				CLANG_WARN_QUOTED_INCLUDE_IN_FRAMEWORK_HEADER = YES;
				CLANG_WARN_RANGE_LOOP_ANALYSIS = YES;
				CLANG_WARN_STRICT_PROTOTYPES = YES;
				CLANG_WARN_SUSPICIOUS_MOVE = YES;
				CLANG_WARN_UNGUARDED_AVAILABILITY = YES_AGGRESSIVE;
				CLANG_WARN_UNREACHABLE_CODE = YES;
				CLANG_WARN__DUPLICATE_METHOD_MATCH = YES;
				COPY_PHASE_STRIP = NO;
				DEBUG_INFORMATION_FORMAT = "dwarf-with-dsym";
				ENABLE_NS_ASSERTIONS = NO;
				ENABLE_STRICT_OBJC_MSGSEND = YES;
				GCC_C_LANGUAGE_STANDARD = gnu11;
				GCC_NO_COMMON_BLOCKS = YES;
				GCC_WARN_64_TO_32_BIT_CONVERSION = YES;
				GCC_WARN_ABOUT_RETURN_TYPE = YES_ERROR;
				GCC_WARN_UNDECLARED_SELECTOR = YES;
				GCC_WARN_UNINITIALIZED_AUTOS = YES_AGGRESSIVE;
				GCC_WARN_UNUSED_FUNCTION = YES;
				GCC_WARN_UNUSED_VARIABLE = YES;
				IPHONEOS_DEPLOYMENT_TARGET = 14.5;
				MTL_ENABLE_DEBUG_INFO = NO;
				MTL_FAST_MATH = YES;
				SDKROOT = iphoneos;
				SWIFT_COMPILATION_MODE = wholemodule;
				SWIFT_OPTIMIZATION_LEVEL = "-O";
				VALIDATE_PRODUCT = YES;
			};
			name = Release;
		};
		5884050D26A761BF00E027E0 /* Debug */ = {
			isa = XCBuildConfiguration;
			buildSettings = {
				ASSETCATALOG_COMPILER_APPICON_NAME = AppIcon;
				ASSETCATALOG_COMPILER_GLOBAL_ACCENT_COLOR_NAME = AccentColor;
				CODE_SIGN_STYLE = Automatic;
				DEVELOPMENT_TEAM = 8HC9RCNMQU;
				INFOPLIST_FILE = LuLuLemon/Info.plist;
				LD_RUNPATH_SEARCH_PATHS = (
					"$(inherited)",
					"@executable_path/Frameworks",
				);
				PRODUCT_BUNDLE_IDENTIFIER = com.preetipriyam.LuLuLemon;
				PRODUCT_NAME = "$(TARGET_NAME)";
				SWIFT_VERSION = 5.0;
				TARGETED_DEVICE_FAMILY = "1,2";
			};
			name = Debug;
		};
		5884050E26A761BF00E027E0 /* Release */ = {
			isa = XCBuildConfiguration;
			buildSettings = {
				ASSETCATALOG_COMPILER_APPICON_NAME = AppIcon;
				ASSETCATALOG_COMPILER_GLOBAL_ACCENT_COLOR_NAME = AccentColor;
				CODE_SIGN_STYLE = Automatic;
				DEVELOPMENT_TEAM = 8HC9RCNMQU;
				INFOPLIST_FILE = LuLuLemon/Info.plist;
				LD_RUNPATH_SEARCH_PATHS = (
					"$(inherited)",
					"@executable_path/Frameworks",
				);
				PRODUCT_BUNDLE_IDENTIFIER = com.preetipriyam.LuLuLemon;
				PRODUCT_NAME = "$(TARGET_NAME)";
				SWIFT_VERSION = 5.0;
				TARGETED_DEVICE_FAMILY = "1,2";
			};
			name = Release;
		};
		5884051026A761BF00E027E0 /* Debug */ = {
			isa = XCBuildConfiguration;
			buildSettings = {
				ALWAYS_EMBED_SWIFT_STANDARD_LIBRARIES = YES;
				BUNDLE_LOADER = "$(TEST_HOST)";
				CODE_SIGN_STYLE = Automatic;
				DEVELOPMENT_TEAM = 8HC9RCNMQU;
				INFOPLIST_FILE = LuLuLemonTests/Info.plist;
				IPHONEOS_DEPLOYMENT_TARGET = 14.5;
				LD_RUNPATH_SEARCH_PATHS = (
					"$(inherited)",
					"@executable_path/Frameworks",
					"@loader_path/Frameworks",
				);
				PRODUCT_BUNDLE_IDENTIFIER = com.preetipriyam.LuLuLemonTests;
				PRODUCT_NAME = "$(TARGET_NAME)";
				SWIFT_VERSION = 5.0;
				TARGETED_DEVICE_FAMILY = "1,2";
				TEST_HOST = "$(BUILT_PRODUCTS_DIR)/LuLuLemon.app/LuLuLemon";
			};
			name = Debug;
		};
		5884051126A761BF00E027E0 /* Release */ = {
			isa = XCBuildConfiguration;
			buildSettings = {
				ALWAYS_EMBED_SWIFT_STANDARD_LIBRARIES = YES;
				BUNDLE_LOADER = "$(TEST_HOST)";
				CODE_SIGN_STYLE = Automatic;
				DEVELOPMENT_TEAM = 8HC9RCNMQU;
				INFOPLIST_FILE = LuLuLemonTests/Info.plist;
				IPHONEOS_DEPLOYMENT_TARGET = 14.5;
				LD_RUNPATH_SEARCH_PATHS = (
					"$(inherited)",
					"@executable_path/Frameworks",
					"@loader_path/Frameworks",
				);
				PRODUCT_BUNDLE_IDENTIFIER = com.preetipriyam.LuLuLemonTests;
				PRODUCT_NAME = "$(TARGET_NAME)";
				SWIFT_VERSION = 5.0;
				TARGETED_DEVICE_FAMILY = "1,2";
				TEST_HOST = "$(BUILT_PRODUCTS_DIR)/LuLuLemon.app/LuLuLemon";
			};
			name = Release;
		};
		5884051326A761BF00E027E0 /* Debug */ = {
			isa = XCBuildConfiguration;
			buildSettings = {
				ALWAYS_EMBED_SWIFT_STANDARD_LIBRARIES = YES;
				CODE_SIGN_STYLE = Automatic;
				DEVELOPMENT_TEAM = 8HC9RCNMQU;
				INFOPLIST_FILE = LuLuLemonUITests/Info.plist;
				LD_RUNPATH_SEARCH_PATHS = (
					"$(inherited)",
					"@executable_path/Frameworks",
					"@loader_path/Frameworks",
				);
				PRODUCT_BUNDLE_IDENTIFIER = com.preetipriyam.LuLuLemonUITests;
				PRODUCT_NAME = "$(TARGET_NAME)";
				SWIFT_VERSION = 5.0;
				TARGETED_DEVICE_FAMILY = "1,2";
				TEST_TARGET_NAME = LuLuLemon;
			};
			name = Debug;
		};
		5884051426A761BF00E027E0 /* Release */ = {
			isa = XCBuildConfiguration;
			buildSettings = {
				ALWAYS_EMBED_SWIFT_STANDARD_LIBRARIES = YES;
				CODE_SIGN_STYLE = Automatic;
				DEVELOPMENT_TEAM = 8HC9RCNMQU;
				INFOPLIST_FILE = LuLuLemonUITests/Info.plist;
				LD_RUNPATH_SEARCH_PATHS = (
					"$(inherited)",
					"@executable_path/Frameworks",
					"@loader_path/Frameworks",
				);
				PRODUCT_BUNDLE_IDENTIFIER = com.preetipriyam.LuLuLemonUITests;
				PRODUCT_NAME = "$(TARGET_NAME)";
				SWIFT_VERSION = 5.0;
				TARGETED_DEVICE_FAMILY = "1,2";
				TEST_TARGET_NAME = LuLuLemon;
			};
			name = Release;
		};
/* End XCBuildConfiguration section */

/* Begin XCConfigurationList section */
		588404DA26A761BD00E027E0 /* Build configuration list for PBXProject "LuLuLemon" */ = {
			isa = XCConfigurationList;
			buildConfigurations = (
				5884050A26A761BF00E027E0 /* Debug */,
				5884050B26A761BF00E027E0 /* Release */,
			);
			defaultConfigurationIsVisible = 0;
			defaultConfigurationName = Release;
		};
		5884050C26A761BF00E027E0 /* Build configuration list for PBXNativeTarget "LuLuLemon" */ = {
			isa = XCConfigurationList;
			buildConfigurations = (
				5884050D26A761BF00E027E0 /* Debug */,
				5884050E26A761BF00E027E0 /* Release */,
			);
			defaultConfigurationIsVisible = 0;
			defaultConfigurationName = Release;
		};
		5884050F26A761BF00E027E0 /* Build configuration list for PBXNativeTarget "LuLuLemonTests" */ = {
			isa = XCConfigurationList;
			buildConfigurations = (
				5884051026A761BF00E027E0 /* Debug */,
				5884051126A761BF00E027E0 /* Release */,
			);
			defaultConfigurationIsVisible = 0;
			defaultConfigurationName = Release;
		};
		5884051226A761BF00E027E0 /* Build configuration list for PBXNativeTarget "LuLuLemonUITests" */ = {
			isa = XCConfigurationList;
			buildConfigurations = (
				5884051326A761BF00E027E0 /* Debug */,
				5884051426A761BF00E027E0 /* Release */,
			);
			defaultConfigurationIsVisible = 0;
			defaultConfigurationName = Release;
		};
/* End XCConfigurationList section */

/* Begin XCVersionGroup section */
		588404EB26A761BD00E027E0 /* LuLuLemon.xcdatamodeld */ = {
			isa = XCVersionGroup;
			children = (
				588404EC26A761BD00E027E0 /* LuLuLemon.xcdatamodel */,
			);
			currentVersion = 588404EC26A761BD00E027E0 /* LuLuLemon.xcdatamodel */;
			path = LuLuLemon.xcdatamodeld;
			sourceTree = "<group>";
			versionGroupType = wrapper.xcdatamodel;
		};
/* End XCVersionGroup section */
	};
	rootObject = 588404D726A761BD00E027E0 /* Project object */;
}
